Microsoft Visual Studio Solution File, Format Version 12.00
# Visual Studio 15
VisualStudioVersion = 15.0.27130.2010
MinimumVisualStudioVersion = 10.0.40219.1
Project("{FAE04EC0-301F-11D3-BF4B-00C04F79EFBC}") = "PerformanceDemo.Console", "PerformanceDemo.Console\PerformanceDemo.Console.csproj", "{BC726399-D2D9-4E0C-9355-7CD350552CCD}"
EndProject
Project("{FAE04EC0-301F-11D3-BF4B-00C04F79EFBC}") = "PerformanceDemo.Tests", "PerformanceDemo.Tests\PerformanceDemo.Tests.csproj", "{C1F18C44-40E4-4C37-9FD3-EFF1CB26180A}"
EndProject
Global
	GlobalSection(SolutionConfigurationPlatforms) = preSolution
		Debug|Any CPU = Debug|Any CPU
		Release|Any CPU = Release|Any CPU
	EndGlobalSection
	GlobalSection(ProjectConfigurationPlatforms) = postSolution
		{BC726399-D2D9-4E0C-9355-7CD350552CCD}.Debug|Any CPU.ActiveCfg = Debug|Any CPU
		{BC726399-D2D9-4E0C-9355-7CD350552CCD}.Debug|Any CPU.Build.0 = Debug|Any CPU
		{BC726399-D2D9-4E0C-9355-7CD350552CCD}.Release|Any CPU.ActiveCfg = Release|Any CPU
		{BC726399-D2D9-4E0C-9355-7CD350552CCD}.Release|Any CPU.Build.0 = Release|Any CPU
		{C1F18C44-40E4-4C37-9FD3-EFF1CB26180A}.Debug|Any CPU.ActiveCfg = Debug|Any CPU
		{C1F18C44-40E4-4C37-9FD3-EFF1CB26180A}.Debug|Any CPU.Build.0 = Debug|Any CPU
		{C1F18C44-40E4-4C37-9FD3-EFF1CB26180A}.Release|Any CPU.ActiveCfg = Release|Any CPU
		{C1F18C44-40E4-4C37-9FD3-EFF1CB26180A}.Release|Any CPU.Build.0 = Release|Any CPU
	EndGlobalSection
	GlobalSection(SolutionProperties) = preSolution
		HideSolutionNode = FALSE
	EndGlobalSection
	GlobalSection(ExtensibilityGlobals) = postSolution
		SolutionGuid = {536ABD5E-414D-4246-B683-43DF9092409B}
	EndGlobalSection
EndGlobal
